
Microsoft Visual Studio Solution File, Format Version 12.00
# Visual Studio Version 17
VisualStudioVersion = 17.8.34322.80
MinimumVisualStudioVersion = 10.0.40219.1
Project("{FAE04EC0-301F-11D3-BF4B-00C04F79EFBC}") = "WebApplication1", "WebApplication1.csproj", "{43BB91DD-BE88-491F-8830-139D70C9050F}"
EndProject
Global
	GlobalSection(SolutionConfigurationPlatforms) = preSolution
		Debug|Any CPU = Debug|Any CPU
		Release|Any CPU = Release|Any CPU
	EndGlobalSection
	GlobalSection(ProjectConfigurationPlatforms) = postSolution
		{43BB91DD-BE88-491F-8830-139D70C9050F}.Debug|Any CPU.ActiveCfg = Debug|Any CPU
		{43BB91DD-BE88-491F-8830-139D70C9050F}.Debug|Any CPU.Build.0 = Debug|Any CPU
		{43BB91DD-BE88-491F-8830-139D70C9050F}.Release|Any CPU.ActiveCfg = Release|Any CPU
		{43BB91DD-BE88-491F-8830-139D70C9050F}.Release|Any CPU.Build.0 = Release|Any CPU
	EndGlobalSection
	GlobalSection(SolutionProperties) = preSolution
		HideSolutionNode = FALSE
	EndGlobalSection
	GlobalSection(ExtensibilityGlobals) = postSolution
		SolutionGuid = {A3656CF4-9E17-4CCF-B5B0-099FD7915EF7}
	EndGlobalSection
EndGlobal
